
Microsoft Visual Studio Solution File, Format Version 12.00
# Visual Studio Version 16
VisualStudioVersion = 16.0.30907.101
MinimumVisualStudioVersion = 10.0.40219.1
Project("{8BC9CEB8-8B4A-11D0-8D11-00A0C91BC942}") = "jgw", "jgw\jgw.vcxproj", "{6EDA27EB-69F5-4E60-B35E-1A725D431AD8}"
EndProject
Project("{8BC9CEB8-8B4A-11D0-8D11-00A0C91BC942}") = "sound", "sound\sound.vcxproj", "{434496B6-0CED-4924-B4F8-700F3FDD9136}"
EndProject
Project("{8BC9CEB8-8B4A-11D0-8D11-00A0C91BC942}") = "frequency", "frequency\frequency.vcxproj", "{5ACAD9DC-35A9-4948-A296-A9FBFB8E09CD}"
EndProject
Project("{8BC9CEB8-8B4A-11D0-8D11-00A0C91BC942}") = "loading", "loading\loading.vcxproj", "{AEBC1B37-4367-4314-A7AC-CAC77F423F91}"
EndProject
Project("{8BC9CEB8-8B4A-11D0-8D11-00A0C91BC942}") = "getFile", "getFile\getFile.vcxproj", "{BC216FCA-AD8B-4E69-B17C-73B8390C7C95}"
EndProject
Project("{8BC9CEB8-8B4A-11D0-8D11-00A0C91BC942}") = "jgw_compile", "jgw_compile\jgw_compile.vcxproj", "{D4EC7851-142A-41AE-B9D0-899BFC0EA049}"
EndProject
Global
	GlobalSection(SolutionConfigurationPlatforms) = preSolution
		Debug|x64 = Debug|x64
		Debug|x86 = Debug|x86
		Release|x64 = Release|x64
		Release|x86 = Release|x86
	EndGlobalSection
	GlobalSection(ProjectConfigurationPlatforms) = postSolution
		{6EDA27EB-69F5-4E60-B35E-1A725D431AD8}.Debug|x64.ActiveCfg = Debug|x64
		{6EDA27EB-69F5-4E60-B35E-1A725D431AD8}.Debug|x64.Build.0 = Debug|x64
		{6EDA27EB-69F5-4E60-B35E-1A725D431AD8}.Debug|x86.ActiveCfg = Debug|Win32
		{6EDA27EB-69F5-4E60-B35E-1A725D431AD8}.Debug|x86.Build.0 = Debug|Win32
		{6EDA27EB-69F5-4E60-B35E-1A725D431AD8}.Release|x64.ActiveCfg = Release|x64
		{6EDA27EB-69F5-4E60-B35E-1A725D431AD8}.Release|x64.Build.0 = Release|x64
		{6EDA27EB-69F5-4E60-B35E-1A725D431AD8}.Release|x86.ActiveCfg = Release|Win32
		{6EDA27EB-69F5-4E60-B35E-1A725D431AD8}.Release|x86.Build.0 = Release|Win32
		{434496B6-0CED-4924-B4F8-700F3FDD9136}.Debug|x64.ActiveCfg = Debug|x64
		{434496B6-0CED-4924-B4F8-700F3FDD9136}.Debug|x64.Build.0 = Debug|x64
		{434496B6-0CED-4924-B4F8-700F3FDD9136}.Debug|x86.ActiveCfg = Debug|Win32
		{434496B6-0CED-4924-B4F8-700F3FDD9136}.Debug|x86.Build.0 = Debug|Win32
		{434496B6-0CED-4924-B4F8-700F3FDD9136}.Release|x64.ActiveCfg = Release|x64
		{434496B6-0CED-4924-B4F8-700F3FDD9136}.Release|x64.Build.0 = Release|x64
		{434496B6-0CED-4924-B4F8-700F3FDD9136}.Release|x86.ActiveCfg = Release|Win32
		{434496B6-0CED-4924-B4F8-700F3FDD9136}.Release|x86.Build.0 = Release|Win32
		{5ACAD9DC-35A9-4948-A296-A9FBFB8E09CD}.Debug|x64.ActiveCfg = Debug|x64
		{5ACAD9DC-35A9-4948-A296-A9FBFB8E09CD}.Debug|x64.Build.0 = Debug|x64
		{5ACAD9DC-35A9-4948-A296-A9FBFB8E09CD}.Debug|x86.ActiveCfg = Debug|Win32
		{5ACAD9DC-35A9-4948-A296-A9FBFB8E09CD}.Debug|x86.Build.0 = Debug|Win32
		{5ACAD9DC-35A9-4948-A296-A9FBFB8E09CD}.Release|x64.ActiveCfg = Release|x64
		{5ACAD9DC-35A9-4948-A296-A9FBFB8E09CD}.Release|x64.Build.0 = Release|x64
		{5ACAD9DC-35A9-4948-A296-A9FBFB8E09CD}.Release|x86.ActiveCfg = Release|Win32
		{5ACAD9DC-35A9-4948-A296-A9FBFB8E09CD}.Release|x86.Build.0 = Release|Win32
		{AEBC1B37-4367-4314-A7AC-CAC77F423F91}.Debug|x64.ActiveCfg = Debug|x64
		{AEBC1B37-4367-4314-A7AC-CAC77F423F91}.Debug|x64.Build.0 = Debug|x64
		{AEBC1B37-4367-4314-A7AC-CAC77F423F91}.Debug|x86.ActiveCfg = Debug|Win32
		{AEBC1B37-4367-4314-A7AC-CAC77F423F91}.Debug|x86.Build.0 = Debug|Win32
		{AEBC1B37-4367-4314-A7AC-CAC77F423F91}.Release|x64.ActiveCfg = Release|x64
		{AEBC1B37-4367-4314-A7AC-CAC77F423F91}.Release|x64.Build.0 = Release|x64
		{AEBC1B37-4367-4314-A7AC-CAC77F423F91}.Release|x86.ActiveCfg = Release|Win32
		{AEBC1B37-4367-4314-A7AC-CAC77F423F91}.Release|x86.Build.0 = Release|Win32
		{BC216FCA-AD8B-4E69-B17C-73B8390C7C95}.Debug|x64.ActiveCfg = Debug|x64
		{BC216FCA-AD8B-4E69-B17C-73B8390C7C95}.Debug|x64.Build.0 = Debug|x64
		{BC216FCA-AD8B-4E69-B17C-73B8390C7C95}.Debug|x86.ActiveCfg = Debug|Win32
		{BC216FCA-AD8B-4E69-B17C-73B8390C7C95}.Debug|x86.Build.0 = Debug|Win32
		{BC216FCA-AD8B-4E69-B17C-73B8390C7C95}.Release|x64.ActiveCfg = Release|x64
		{BC216FCA-AD8B-4E69-B17C-73B8390C7C95}.Release|x64.Build.0 = Release|x64
		{BC216FCA-AD8B-4E69-B17C-73B8390C7C95}.Release|x86.ActiveCfg = Release|Win32
		{BC216FCA-AD8B-4E69-B17C-73B8390C7C95}.Release|x86.Build.0 = Release|Win32
		{D4EC7851-142A-41AE-B9D0-899BFC0EA049}.Debug|x64.ActiveCfg = Debug|x64
		{D4EC7851-142A-41AE-B9D0-899BFC0EA049}.Debug|x64.Build.0 = Debug|x64
		{D4EC7851-142A-41AE-B9D0-899BFC0EA049}.Debug|x86.ActiveCfg = Debug|Win32
		{D4EC7851-142A-41AE-B9D0-899BFC0EA049}.Debug|x86.Build.0 = Debug|Win32
		{D4EC7851-142A-41AE-B9D0-899BFC0EA049}.Release|x64.ActiveCfg = Release|x64
		{D4EC7851-142A-41AE-B9D0-899BFC0EA049}.Release|x64.Build.0 = Release|x64
		{D4EC7851-142A-41AE-B9D0-899BFC0EA049}.Release|x86.ActiveCfg = Release|Win32
		{D4EC7851-142A-41AE-B9D0-899BFC0EA049}.Release|x86.Build.0 = Release|Win32
	EndGlobalSection
	GlobalSection(SolutionProperties) = preSolution
		HideSolutionNode = FALSE
	EndGlobalSection
	GlobalSection(ExtensibilityGlobals) = postSolution
		SolutionGuid = {87E445A7-F845-40A3-8706-95977E1F6EE0}
	EndGlobalSection
EndGlobal
